// !$*UTF8*$!
{
	archiveVersion = 1;
	classes = {
	};
	objectVersion = 50;
	objects = {

/* Begin PBXBuildFile section */
		7CF0E3AB24539CF800509E7B /* AppDelegate.swift in Sources */ = {isa = PBXBuildFile; fileRef = 7CF0E3AA24539CF800509E7B /* AppDelegate.swift */; };
		7CF0E3AD24539CF800509E7B /* SceneDelegate.swift in Sources */ = {isa = PBXBuildFile; fileRef = 7CF0E3AC24539CF800509E7B /* SceneDelegate.swift */; };
		7CF0E3B424539CF900509E7B /* Assets.xcassets in Resources */ = {isa = PBXBuildFile; fileRef = 7CF0E3B324539CF900509E7B /* Assets.xcassets */; };
		7CF0E3B724539CF900509E7B /* LaunchScreen.storyboard in Resources */ = {isa = PBXBuildFile; fileRef = 7CF0E3B524539CF900509E7B /* LaunchScreen.storyboard */; };
		7CF0E3C224539CF900509E7B /* UsersTests.swift in Sources */ = {isa = PBXBuildFile; fileRef = 7CF0E3C124539CF900509E7B /* UsersTests.swift */; };
		7CF0E3CD24539CF900509E7B /* UsersUITests.swift in Sources */ = {isa = PBXBuildFile; fileRef = 7CF0E3CC24539CF900509E7B /* UsersUITests.swift */; };
		7CF0E3E324539E6E00509E7B /* ViewController.swift in Sources */ = {isa = PBXBuildFile; fileRef = 7CF0E3E224539E6E00509E7B /* ViewController.swift */; };
		7CF0E3E52453C42F00509E7B /* UsersListViewController.swift in Sources */ = {isa = PBXBuildFile; fileRef = 7CF0E3E42453C42F00509E7B /* UsersListViewController.swift */; };
		7CF0E3E72453C45600509E7B /* UserDetailViewController.swift in Sources */ = {isa = PBXBuildFile; fileRef = 7CF0E3E62453C45600509E7B /* UserDetailViewController.swift */; };
		7CF0E3EA2453CF7400509E7B /* Main.storyboard in Resources */ = {isa = PBXBuildFile; fileRef = 7CF0E3E82453CF7400509E7B /* Main.storyboard */; };
/* End PBXBuildFile section */

/* Begin PBXContainerItemProxy section */
		7CF0E3BE24539CF900509E7B /* PBXContainerItemProxy */ = {
			isa = PBXContainerItemProxy;
			containerPortal = 7CF0E39F24539CF800509E7B /* Project object */;
			proxyType = 1;
			remoteGlobalIDString = 7CF0E3A624539CF800509E7B;
			remoteInfo = Users;
		};
		7CF0E3C924539CF900509E7B /* PBXContainerItemProxy */ = {
			isa = PBXContainerItemProxy;
			containerPortal = 7CF0E39F24539CF800509E7B /* Project object */;
			proxyType = 1;
			remoteGlobalIDString = 7CF0E3A624539CF800509E7B;
			remoteInfo = Users;
		};
/* End PBXContainerItemProxy section */

/* Begin PBXFileReference section */
		7CF0E3A724539CF800509E7B /* Users.app */ = {isa = PBXFileReference; explicitFileType = wrapper.application; includeInIndex = 0; path = Users.app; sourceTree = BUILT_PRODUCTS_DIR; };
		7CF0E3AA24539CF800509E7B /* AppDelegate.swift */ = {isa = PBXFileReference; lastKnownFileType = sourcecode.swift; path = AppDelegate.swift; sourceTree = "<group>"; };
		7CF0E3AC24539CF800509E7B /* SceneDelegate.swift */ = {isa = PBXFileReference; lastKnownFileType = sourcecode.swift; path = SceneDelegate.swift; sourceTree = "<group>"; };
		7CF0E3B324539CF900509E7B /* Assets.xcassets */ = {isa = PBXFileReference; lastKnownFileType = folder.assetcatalog; path = Assets.xcassets; sourceTree = "<group>"; };
		7CF0E3B624539CF900509E7B /* Base */ = {isa = PBXFileReference; lastKnownFileType = file.storyboard; name = Base; path = Base.lproj/LaunchScreen.storyboard; sourceTree = "<group>"; };
		7CF0E3B824539CF900509E7B /* Info.plist */ = {isa = PBXFileReference; lastKnownFileType = text.plist.xml; path = Info.plist; sourceTree = "<group>"; };
		7CF0E3BD24539CF900509E7B /* UsersTests.xctest */ = {isa = PBXFileReference; explicitFileType = wrapper.cfbundle; includeInIndex = 0; path = UsersTests.xctest; sourceTree = BUILT_PRODUCTS_DIR; };
		7CF0E3C124539CF900509E7B /* UsersTests.swift */ = {isa = PBXFileReference; lastKnownFileType = sourcecode.swift; path = UsersTests.swift; sourceTree = "<group>"; };
		7CF0E3C324539CF900509E7B /* Info.plist */ = {isa = PBXFileReference; lastKnownFileType = text.plist.xml; path = Info.plist; sourceTree = "<group>"; };
		7CF0E3C824539CF900509E7B /* UsersUITests.xctest */ = {isa = PBXFileReference; explicitFileType = wrapper.cfbundle; includeInIndex = 0; path = UsersUITests.xctest; sourceTree = BUILT_PRODUCTS_DIR; };
		7CF0E3CC24539CF900509E7B /* UsersUITests.swift */ = {isa = PBXFileReference; lastKnownFileType = sourcecode.swift; path = UsersUITests.swift; sourceTree = "<group>"; };
		7CF0E3CE24539CF900509E7B /* Info.plist */ = {isa = PBXFileReference; lastKnownFileType = text.plist.xml; path = Info.plist; sourceTree = "<group>"; };
		7CF0E3E224539E6E00509E7B /* ViewController.swift */ = {isa = PBXFileReference; fileEncoding = 4; lastKnownFileType = sourcecode.swift; path = ViewController.swift; sourceTree = "<group>"; };
		7CF0E3E42453C42F00509E7B /* UsersListViewController.swift */ = {isa = PBXFileReference; lastKnownFileType = sourcecode.swift; path = UsersListViewController.swift; sourceTree = "<group>"; };
		7CF0E3E62453C45600509E7B /* UserDetailViewController.swift */ = {isa = PBXFileReference; lastKnownFileType = sourcecode.swift; path = UserDetailViewController.swift; sourceTree = "<group>"; };
		7CF0E3E92453CF7400509E7B /* Base */ = {isa = PBXFileReference; lastKnownFileType = file.storyboard; name = Base; path = Base.lproj/Main.storyboard; sourceTree = "<group>"; };
/* End PBXFileReference section */

/* Begin PBXFrameworksBuildPhase section */
		7CF0E3A424539CF800509E7B /* Frameworks */ = {
			isa = PBXFrameworksBuildPhase;
			buildActionMask = 2147483647;
			files = (
			);
			runOnlyForDeploymentPostprocessing = 0;
		};
		7CF0E3BA24539CF900509E7B /* Frameworks */ = {
			isa = PBXFrameworksBuildPhase;
			buildActionMask = 2147483647;
			files = (
			);
			runOnlyForDeploymentPostprocessing = 0;
		};
		7CF0E3C524539CF900509E7B /* Frameworks */ = {
			isa = PBXFrameworksBuildPhase;
			buildActionMask = 2147483647;
			files = (
			);
			runOnlyForDeploymentPostprocessing = 0;
		};
/* End PBXFrameworksBuildPhase section */

/* Begin PBXGroup section */
		7CF0E39E24539CF800509E7B = {
			isa = PBXGroup;
			children = (
				7CF0E3A924539CF800509E7B /* Users */,
				7CF0E3C024539CF900509E7B /* UsersTests */,
				7CF0E3CB24539CF900509E7B /* UsersUITests */,
				7CF0E3A824539CF800509E7B /* Products */,
			);
			sourceTree = "<group>";
		};
		7CF0E3A824539CF800509E7B /* Products */ = {
			isa = PBXGroup;
			children = (
				7CF0E3A724539CF800509E7B /* Users.app */,
				7CF0E3BD24539CF900509E7B /* UsersTests.xctest */,
				7CF0E3C824539CF900509E7B /* UsersUITests.xctest */,
			);
			name = Products;
			sourceTree = "<group>";
		};
		7CF0E3A924539CF800509E7B /* Users */ = {
			isa = PBXGroup;
			children = (
				7CF0E3AA24539CF800509E7B /* AppDelegate.swift */,
				7CF0E3AC24539CF800509E7B /* SceneDelegate.swift */,
				7CF0E3DC24539D2500509E7B /* Controllers */,
				7CF0E3DB24539D1D00509E7B /* Views */,
				7CF0E3DA24539D0D00509E7B /* Models */,
				7CF0E3DD24539D3200509E7B /* Utils */,
				7CF0E3DE24539D3B00509E7B /* Supporting Files */,
				7CF0E3B324539CF900509E7B /* Assets.xcassets */,
				7CF0E3B524539CF900509E7B /* LaunchScreen.storyboard */,
			);
			path = Users;
			sourceTree = "<group>";
		};
		7CF0E3C024539CF900509E7B /* UsersTests */ = {
			isa = PBXGroup;
			children = (
				7CF0E3C124539CF900509E7B /* UsersTests.swift */,
				7CF0E3C324539CF900509E7B /* Info.plist */,
			);
			path = UsersTests;
			sourceTree = "<group>";
		};
		7CF0E3CB24539CF900509E7B /* UsersUITests */ = {
			isa = PBXGroup;
			children = (
				7CF0E3CC24539CF900509E7B /* UsersUITests.swift */,
				7CF0E3CE24539CF900509E7B /* Info.plist */,
			);
			path = UsersUITests;
			sourceTree = "<group>";
		};
		7CF0E3DA24539D0D00509E7B /* Models */ = {
			isa = PBXGroup;
			children = (
			);
			path = Models;
			sourceTree = "<group>";
		};
		7CF0E3DB24539D1D00509E7B /* Views */ = {
			isa = PBXGroup;
			children = (
				7CF0E3E82453CF7400509E7B /* Main.storyboard */,
			);
			path = Views;
			sourceTree = "<group>";
		};
		7CF0E3DC24539D2500509E7B /* Controllers */ = {
			isa = PBXGroup;
			children = (
				7CF0E3E224539E6E00509E7B /* ViewController.swift */,
				7CF0E3E42453C42F00509E7B /* UsersListViewController.swift */,
				7CF0E3E62453C45600509E7B /* UserDetailViewController.swift */,
			);
			path = Controllers;
			sourceTree = "<group>";
		};
		7CF0E3DD24539D3200509E7B /* Utils */ = {
			isa = PBXGroup;
			children = (
			);
			path = Utils;
			sourceTree = "<group>";
		};
		7CF0E3DE24539D3B00509E7B /* Supporting Files */ = {
			isa = PBXGroup;
			children = (
				7CF0E3B824539CF900509E7B /* Info.plist */,
			);
			path = "Supporting Files";
			sourceTree = "<group>";
		};
/* End PBXGroup section */

/* Begin PBXNativeTarget section */
		7CF0E3A624539CF800509E7B /* Users */ = {
			isa = PBXNativeTarget;
			buildConfigurationList = 7CF0E3D124539CF900509E7B /* Build configuration list for PBXNativeTarget "Users" */;
			buildPhases = (
				7CF0E3A324539CF800509E7B /* Sources */,
				7CF0E3A424539CF800509E7B /* Frameworks */,
				7CF0E3A524539CF800509E7B /* Resources */,
			);
			buildRules = (
			);
			dependencies = (
			);
			name = Users;
			productName = Users;
			productReference = 7CF0E3A724539CF800509E7B /* Users.app */;
			productType = "com.apple.product-type.application";
		};
		7CF0E3BC24539CF900509E7B /* UsersTests */ = {
			isa = PBXNativeTarget;
			buildConfigurationList = 7CF0E3D424539CF900509E7B /* Build configuration list for PBXNativeTarget "UsersTests" */;
			buildPhases = (
				7CF0E3B924539CF900509E7B /* Sources */,
				7CF0E3BA24539CF900509E7B /* Frameworks */,
				7CF0E3BB24539CF900509E7B /* Resources */,
			);
			buildRules = (
			);
			dependencies = (
				7CF0E3BF24539CF900509E7B /* PBXTargetDependency */,
			);
			name = UsersTests;
			productName = UsersTests;
			productReference = 7CF0E3BD24539CF900509E7B /* UsersTests.xctest */;
			productType = "com.apple.product-type.bundle.unit-test";
		};
		7CF0E3C724539CF900509E7B /* UsersUITests */ = {
			isa = PBXNativeTarget;
			buildConfigurationList = 7CF0E3D724539CF900509E7B /* Build configuration list for PBXNativeTarget "UsersUITests" */;
			buildPhases = (
				7CF0E3C424539CF900509E7B /* Sources */,
				7CF0E3C524539CF900509E7B /* Frameworks */,
				7CF0E3C624539CF900509E7B /* Resources */,
			);
			buildRules = (
			);
			dependencies = (
				7CF0E3CA24539CF900509E7B /* PBXTargetDependency */,
			);
			name = UsersUITests;
			productName = UsersUITests;
			productReference = 7CF0E3C824539CF900509E7B /* UsersUITests.xctest */;
			productType = "com.apple.product-type.bundle.ui-testing";
		};
/* End PBXNativeTarget section */

/* Begin PBXProject section */
		7CF0E39F24539CF800509E7B /* Project object */ = {
			isa = PBXProject;
			attributes = {
				LastSwiftUpdateCheck = 1130;
				LastUpgradeCheck = 1130;
				ORGANIZATIONNAME = Axity;
				TargetAttributes = {
					7CF0E3A624539CF800509E7B = {
						CreatedOnToolsVersion = 11.3.1;
					};
					7CF0E3BC24539CF900509E7B = {
						CreatedOnToolsVersion = 11.3.1;
						TestTargetID = 7CF0E3A624539CF800509E7B;
					};
					7CF0E3C724539CF900509E7B = {
						CreatedOnToolsVersion = 11.3.1;
						TestTargetID = 7CF0E3A624539CF800509E7B;
					};
				};
			};
			buildConfigurationList = 7CF0E3A224539CF800509E7B /* Build configuration list for PBXProject "Users" */;
			compatibilityVersion = "Xcode 9.3";
			developmentRegion = en;
			hasScannedForEncodings = 0;
			knownRegions = (
				en,
				Base,
			);
			mainGroup = 7CF0E39E24539CF800509E7B;
			productRefGroup = 7CF0E3A824539CF800509E7B /* Products */;
			projectDirPath = "";
			projectRoot = "";
			targets = (
				7CF0E3A624539CF800509E7B /* Users */,
				7CF0E3BC24539CF900509E7B /* UsersTests */,
				7CF0E3C724539CF900509E7B /* UsersUITests */,
			);
		};
/* End PBXProject section */

/* Begin PBXResourcesBuildPhase section */
		7CF0E3A524539CF800509E7B /* Resources */ = {
			isa = PBXResourcesBuildPhase;
			buildActionMask = 2147483647;
			files = (
				7CF0E3EA2453CF7400509E7B /* Main.storyboard in Resources */,
				7CF0E3B724539CF900509E7B /* LaunchScreen.storyboard in Resources */,
				7CF0E3B424539CF900509E7B /* Assets.xcassets in Resources */,
			);
			runOnlyForDeploymentPostprocessing = 0;
		};
		7CF0E3BB24539CF900509E7B /* Resources */ = {
			isa = PBXResourcesBuildPhase;
			buildActionMask = 2147483647;
			files = (
			);
			runOnlyForDeploymentPostprocessing = 0;
		};
		7CF0E3C624539CF900509E7B /* Resources */ = {
			isa = PBXResourcesBuildPhase;
			buildActionMask = 2147483647;
			files = (
			);
			runOnlyForDeploymentPostprocessing = 0;
		};
/* End PBXResourcesBuildPhase section */

/* Begin PBXSourcesBuildPhase section */
		7CF0E3A324539CF800509E7B /* Sources */ = {
			isa = PBXSourcesBuildPhase;
			buildActionMask = 2147483647;
			files = (
				7CF0E3E324539E6E00509E7B /* ViewController.swift in Sources */,
				7CF0E3E72453C45600509E7B /* UserDetailViewController.swift in Sources */,
				7CF0E3E52453C42F00509E7B /* UsersListViewController.swift in Sources */,
				7CF0E3AB24539CF800509E7B /* AppDelegate.swift in Sources */,
				7CF0E3AD24539CF800509E7B /* SceneDelegate.swift in Sources */,
			);
			runOnlyForDeploymentPostprocessing = 0;
		};
		7CF0E3B924539CF900509E7B /* Sources */ = {
			isa = PBXSourcesBuildPhase;
			buildActionMask = 2147483647;
			files = (
				7CF0E3C224539CF900509E7B /* UsersTests.swift in Sources */,
			);
			runOnlyForDeploymentPostprocessing = 0;
		};
		7CF0E3C424539CF900509E7B /* Sources */ = {
			isa = PBXSourcesBuildPhase;
			buildActionMask = 2147483647;
			files = (
				7CF0E3CD24539CF900509E7B /* UsersUITests.swift in Sources */,
			);
			runOnlyForDeploymentPostprocessing = 0;
		};
/* End PBXSourcesBuildPhase section */

/* Begin PBXTargetDependency section */
		7CF0E3BF24539CF900509E7B /* PBXTargetDependency */ = {
			isa = PBXTargetDependency;
			target = 7CF0E3A624539CF800509E7B /* Users */;
			targetProxy = 7CF0E3BE24539CF900509E7B /* PBXContainerItemProxy */;
		};
		7CF0E3CA24539CF900509E7B /* PBXTargetDependency */ = {
			isa = PBXTargetDependency;
			target = 7CF0E3A624539CF800509E7B /* Users */;
			targetProxy = 7CF0E3C924539CF900509E7B /* PBXContainerItemProxy */;
		};
/* End PBXTargetDependency section */

/* Begin PBXVariantGroup section */
		7CF0E3B524539CF900509E7B /* LaunchScreen.storyboard */ = {
			isa = PBXVariantGroup;
			children = (
				7CF0E3B624539CF900509E7B /* Base */,
			);
			name = LaunchScreen.storyboard;
			sourceTree = "<group>";
		};
		7CF0E3E82453CF7400509E7B /* Main.storyboard */ = {
			isa = PBXVariantGroup;
			children = (
				7CF0E3E92453CF7400509E7B /* Base */,
			);
			name = Main.storyboard;
			sourceTree = "<group>";
		};
/* End PBXVariantGroup section */

/* Begin XCBuildConfiguration section */
		7CF0E3CF24539CF900509E7B /* Debug */ = {
			isa = XCBuildConfiguration;
			buildSettings = {
				ALWAYS_SEARCH_USER_PATHS = NO;
				CLANG_ANALYZER_NONNULL = YES;
				CLANG_ANALYZER_NUMBER_OBJECT_CONVERSION = YES_AGGRESSIVE;
				CLANG_CXX_LANGUAGE_STANDARD = "gnu++14";
				CLANG_CXX_LIBRARY = "libc++";
				CLANG_ENABLE_MODULES = YES;
				CLANG_ENABLE_OBJC_ARC = YES;
				CLANG_ENABLE_OBJC_WEAK = YES;
				CLANG_WARN_BLOCK_CAPTURE_AUTORELEASING = YES;
				CLANG_WARN_BOOL_CONVERSION = YES;
				CLANG_WARN_COMMA = YES;
				CLANG_WARN_CONSTANT_CONVERSION = YES;
				CLANG_WARN_DEPRECATED_OBJC_IMPLEMENTATIONS = YES;
				CLANG_WARN_DIRECT_OBJC_ISA_USAGE = YES_ERROR;
				CLANG_WARN_DOCUMENTATION_COMMENTS = YES;
				CLANG_WARN_EMPTY_BODY = YES;
				CLANG_WARN_ENUM_CONVERSION = YES;
				CLANG_WARN_INFINITE_RECURSION = YES;
				CLANG_WARN_INT_CONVERSION = YES;
				CLANG_WARN_NON_LITERAL_NULL_CONVERSION = YES;
				CLANG_WARN_OBJC_IMPLICIT_RETAIN_SELF = YES;
				CLANG_WARN_OBJC_LITERAL_CONVERSION = YES;
				CLANG_WARN_OBJC_ROOT_CLASS = YES_ERROR;
				CLANG_WARN_RANGE_LOOP_ANALYSIS = YES;
				CLANG_WARN_STRICT_PROTOTYPES = YES;
				CLANG_WARN_SUSPICIOUS_MOVE = YES;
				CLANG_WARN_UNGUARDED_AVAILABILITY = YES_AGGRESSIVE;
				CLANG_WARN_UNREACHABLE_CODE = YES;
				CLANG_WARN__DUPLICATE_METHOD_MATCH = YES;
				COPY_PHASE_STRIP = NO;
				DEBUG_INFORMATION_FORMAT = dwarf;
				ENABLE_STRICT_OBJC_MSGSEND = YES;
				ENABLE_TESTABILITY = YES;
				GCC_C_LANGUAGE_STANDARD = gnu11;
				GCC_DYNAMIC_NO_PIC = NO;
				GCC_NO_COMMON_BLOCKS = YES;
				GCC_OPTIMIZATION_LEVEL = 0;
				GCC_PREPROCESSOR_DEFINITIONS = (
					"DEBUG=1",
					"$(inherited)",
				);
				GCC_WARN_64_TO_32_BIT_CONVERSION = YES;
				GCC_WARN_ABOUT_RETURN_TYPE = YES_ERROR;
				GCC_WARN_UNDECLARED_SELECTOR = YES;
				GCC_WARN_UNINITIALIZED_AUTOS = YES_AGGRESSIVE;
				GCC_WARN_UNUSED_FUNCTION = YES;
				GCC_WARN_UNUSED_VARIABLE = YES;
				IPHONEOS_DEPLOYMENT_TARGET = 13.2;
				MTL_ENABLE_DEBUG_INFO = INCLUDE_SOURCE;
				MTL_FAST_MATH = YES;
				ONLY_ACTIVE_ARCH = YES;
				SDKROOT = iphoneos;
				SWIFT_ACTIVE_COMPILATION_CONDITIONS = DEBUG;
				SWIFT_OPTIMIZATION_LEVEL = "-Onone";
			};
			name = Debug;
		};
		7CF0E3D024539CF900509E7B /* Release */ = {
			isa = XCBuildConfiguration;
			buildSettings = {
				ALWAYS_SEARCH_USER_PATHS = NO;
				CLANG_ANALYZER_NONNULL = YES;
				CLANG_ANALYZER_NUMBER_OBJECT_CONVERSION = YES_AGGRESSIVE;
				CLANG_CXX_LANGUAGE_STANDARD = "gnu++14";
				CLANG_CXX_LIBRARY = "libc++";
				CLANG_ENABLE_MODULES = YES;
				CLANG_ENABLE_OBJC_ARC = YES;
				CLANG_ENABLE_OBJC_WEAK = YES;
				CLANG_WARN_BLOCK_CAPTURE_AUTORELEASING = YES;
				CLANG_WARN_BOOL_CONVERSION = YES;
				CLANG_WARN_COMMA = YES;
				CLANG_WARN_CONSTANT_CONVERSION = YES;
				CLANG_WARN_DEPRECATED_OBJC_IMPLEMENTATIONS = YES;
				CLANG_WARN_DIRECT_OBJC_ISA_USAGE = YES_ERROR;
				CLANG_WARN_DOCUMENTATION_COMMENTS = YES;
				CLANG_WARN_EMPTY_BODY = YES;
				CLANG_WARN_ENUM_CONVERSION = YES;
				CLANG_WARN_INFINITE_RECURSION = YES;
				CLANG_WARN_INT_CONVERSION = YES;
				CLANG_WARN_NON_LITERAL_NULL_CONVERSION = YES;
				CLANG_WARN_OBJC_IMPLICIT_RETAIN_SELF = YES;
				CLANG_WARN_OBJC_LITERAL_CONVERSION = YES;
				CLANG_WARN_OBJC_ROOT_CLASS = YES_ERROR;
				CLANG_WARN_RANGE_LOOP_ANALYSIS = YES;
				CLANG_WARN_STRICT_PROTOTYPES = YES;
				CLANG_WARN_SUSPICIOUS_MOVE = YES;
				CLANG_WARN_UNGUARDED_AVAILABILITY = YES_AGGRESSIVE;
				CLANG_WARN_UNREACHABLE_CODE = YES;
				CLANG_WARN__DUPLICATE_METHOD_MATCH = YES;
				COPY_PHASE_STRIP = NO;
				DEBUG_INFORMATION_FORMAT = "dwarf-with-dsym";
				ENABLE_NS_ASSERTIONS = NO;
				ENABLE_STRICT_OBJC_MSGSEND = YES;
				GCC_C_LANGUAGE_STANDARD = gnu11;
				GCC_NO_COMMON_BLOCKS = YES;
				GCC_WARN_64_TO_32_BIT_CONVERSION = YES;
				GCC_WARN_ABOUT_RETURN_TYPE = YES_ERROR;
				GCC_WARN_UNDECLARED_SELECTOR = YES;
				GCC_WARN_UNINITIALIZED_AUTOS = YES_AGGRESSIVE;
				GCC_WARN_UNUSED_FUNCTION = YES;
				GCC_WARN_UNUSED_VARIABLE = YES;
				IPHONEOS_DEPLOYMENT_TARGET = 13.2;
				MTL_ENABLE_DEBUG_INFO = NO;
				MTL_FAST_MATH = YES;
				SDKROOT = iphoneos;
				SWIFT_COMPILATION_MODE = wholemodule;
				SWIFT_OPTIMIZATION_LEVEL = "-O";
				VALIDATE_PRODUCT = YES;
			};
			name = Release;
		};
		7CF0E3D224539CF900509E7B /* Debug */ = {
			isa = XCBuildConfiguration;
			buildSettings = {
				ASSETCATALOG_COMPILER_APPICON_NAME = AppIcon;
				CODE_SIGN_STYLE = Automatic;
				DEVELOPMENT_TEAM = 6V9A9TC66M;
				INFOPLIST_FILE = "Users/Supporting Files/Info.plist";
				LD_RUNPATH_SEARCH_PATHS = (
					"$(inherited)",
					"@executable_path/Frameworks",
				);
				PRODUCT_BUNDLE_IDENTIFIER = com.axity.users.Users;
				PRODUCT_NAME = "$(TARGET_NAME)";
				SWIFT_VERSION = 5.0;
				TARGETED_DEVICE_FAMILY = "1,2";
			};
			name = Debug;
		};
		7CF0E3D324539CF900509E7B /* Release */ = {
			isa = XCBuildConfiguration;
			buildSettings = {
				ASSETCATALOG_COMPILER_APPICON_NAME = AppIcon;
				CODE_SIGN_STYLE = Automatic;
				DEVELOPMENT_TEAM = 6V9A9TC66M;
				INFOPLIST_FILE = "Users/Supporting Files/Info.plist";
				LD_RUNPATH_SEARCH_PATHS = (
					"$(inherited)",
					"@executable_path/Frameworks",
				);
				PRODUCT_BUNDLE_IDENTIFIER = com.axity.users.Users;
				PRODUCT_NAME = "$(TARGET_NAME)";
				SWIFT_VERSION = 5.0;
				TARGETED_DEVICE_FAMILY = "1,2";
			};
			name = Release;
		};
		7CF0E3D524539CF900509E7B /* Debug */ = {
			isa = XCBuildConfiguration;
			buildSettings = {
				ALWAYS_EMBED_SWIFT_STANDARD_LIBRARIES = YES;
				BUNDLE_LOADER = "$(TEST_HOST)";
				CODE_SIGN_STYLE = Automatic;
				DEVELOPMENT_TEAM = 6V9A9TC66M;
				INFOPLIST_FILE = UsersTests/Info.plist;
				IPHONEOS_DEPLOYMENT_TARGET = 13.2;
				LD_RUNPATH_SEARCH_PATHS = (
					"$(inherited)",
					"@executable_path/Frameworks",
					"@loader_path/Frameworks",
				);
				PRODUCT_BUNDLE_IDENTIFIER = com.axity.users.UsersTests;
				PRODUCT_NAME = "$(TARGET_NAME)";
				SWIFT_VERSION = 5.0;
				TARGETED_DEVICE_FAMILY = "1,2";
				TEST_HOST = "$(BUILT_PRODUCTS_DIR)/Users.app/Users";
			};
			name = Debug;
		};
		7CF0E3D624539CF900509E7B /* Release */ = {
			isa = XCBuildConfiguration;
			buildSettings = {
				ALWAYS_EMBED_SWIFT_STANDARD_LIBRARIES = YES;
				BUNDLE_LOADER = "$(TEST_HOST)";
				CODE_SIGN_STYLE = Automatic;
				DEVELOPMENT_TEAM = 6V9A9TC66M;
				INFOPLIST_FILE = UsersTests/Info.plist;
				IPHONEOS_DEPLOYMENT_TARGET = 13.2;
				LD_RUNPATH_SEARCH_PATHS = (
					"$(inherited)",
					"@executable_path/Frameworks",
					"@loader_path/Frameworks",
				);
				PRODUCT_BUNDLE_IDENTIFIER = com.axity.users.UsersTests;
				PRODUCT_NAME = "$(TARGET_NAME)";
				SWIFT_VERSION = 5.0;
				TARGETED_DEVICE_FAMILY = "1,2";
				TEST_HOST = "$(BUILT_PRODUCTS_DIR)/Users.app/Users";
			};
			name = Release;
		};
		7CF0E3D824539CF900509E7B /* Debug */ = {
			isa = XCBuildConfiguration;
			buildSettings = {
				ALWAYS_EMBED_SWIFT_STANDARD_LIBRARIES = YES;
				CODE_SIGN_STYLE = Automatic;
				DEVELOPMENT_TEAM = 6V9A9TC66M;
				INFOPLIST_FILE = UsersUITests/Info.plist;
				LD_RUNPATH_SEARCH_PATHS = (
					"$(inherited)",
					"@executable_path/Frameworks",
					"@loader_path/Frameworks",
				);
				PRODUCT_BUNDLE_IDENTIFIER = com.axity.users.UsersUITests;
				PRODUCT_NAME = "$(TARGET_NAME)";
				SWIFT_VERSION = 5.0;
				TARGETED_DEVICE_FAMILY = "1,2";
				TEST_TARGET_NAME = Users;
			};
			name = Debug;
		};
		7CF0E3D924539CF900509E7B /* Release */ = {
			isa = XCBuildConfiguration;
			buildSettings = {
				ALWAYS_EMBED_SWIFT_STANDARD_LIBRARIES = YES;
				CODE_SIGN_STYLE = Automatic;
				DEVELOPMENT_TEAM = 6V9A9TC66M;
				INFOPLIST_FILE = UsersUITests/Info.plist;
				LD_RUNPATH_SEARCH_PATHS = (
					"$(inherited)",
					"@executable_path/Frameworks",
					"@loader_path/Frameworks",
				);
				PRODUCT_BUNDLE_IDENTIFIER = com.axity.users.UsersUITests;
				PRODUCT_NAME = "$(TARGET_NAME)";
				SWIFT_VERSION = 5.0;
				TARGETED_DEVICE_FAMILY = "1,2";
				TEST_TARGET_NAME = Users;
			};
			name = Release;
		};
/* End XCBuildConfiguration section */

/* Begin XCConfigurationList section */
		7CF0E3A224539CF800509E7B /* Build configuration list for PBXProject "Users" */ = {
			isa = XCConfigurationList;
			buildConfigurations = (
				7CF0E3CF24539CF900509E7B /* Debug */,
				7CF0E3D024539CF900509E7B /* Release */,
			);
			defaultConfigurationIsVisible = 0;
			defaultConfigurationName = Release;
		};
		7CF0E3D124539CF900509E7B /* Build configuration list for PBXNativeTarget "Users" */ = {
			isa = XCConfigurationList;
			buildConfigurations = (
				7CF0E3D224539CF900509E7B /* Debug */,
				7CF0E3D324539CF900509E7B /* Release */,
			);
			defaultConfigurationIsVisible = 0;
			defaultConfigurationName = Release;
		};
		7CF0E3D424539CF900509E7B /* Build configuration list for PBXNativeTarget "UsersTests" */ = {
			isa = XCConfigurationList;
			buildConfigurations = (
				7CF0E3D524539CF900509E7B /* Debug */,
				7CF0E3D624539CF900509E7B /* Release */,
			);
			defaultConfigurationIsVisible = 0;
			defaultConfigurationName = Release;
		};
		7CF0E3D724539CF900509E7B /* Build configuration list for PBXNativeTarget "UsersUITests" */ = {
			isa = XCConfigurationList;
			buildConfigurations = (
				7CF0E3D824539CF900509E7B /* Debug */,
				7CF0E3D924539CF900509E7B /* Release */,
			);
			defaultConfigurationIsVisible = 0;
			defaultConfigurationName = Release;
		};
/* End XCConfigurationList section */
	};
	rootObject = 7CF0E39F24539CF800509E7B /* Project object */;
}
